
Microsoft Visual Studio Solution File, Format Version 12.00
Project("{2150E333-8FDC-42A3-9474-1A3956D46DE8}") = "src", "src", "{149892C8-951A-4758-B9D6-3E1D8A6365C1}"
EndProject
Project("{FAE04EC0-301F-11D3-BF4B-00C04F79EFBC}") = "Fermat.Logging.Serilog.Webhook", "src\Fermat.Logging.Serilog.Webhook\Fermat.Logging.Serilog.Webhook.csproj", "{A6B4F393-874A-40E4-9983-A28F1D3E85B6}"
EndProject
Global
	GlobalSection(SolutionConfigurationPlatforms) = preSolution
		Debug|Any CPU = Debug|Any CPU
		Release|Any CPU = Release|Any CPU
	EndGlobalSection
	GlobalSection(NestedProjects) = preSolution
		{A6B4F393-874A-40E4-9983-A28F1D3E85B6} = {149892C8-951A-4758-B9D6-3E1D8A6365C1}
	EndGlobalSection
	GlobalSection(ProjectConfigurationPlatforms) = postSolution
		{A6B4F393-874A-40E4-9983-A28F1D3E85B6}.Debug|Any CPU.ActiveCfg = Debug|Any CPU
		{A6B4F393-874A-40E4-9983-A28F1D3E85B6}.Debug|Any CPU.Build.0 = Debug|Any CPU
		{A6B4F393-874A-40E4-9983-A28F1D3E85B6}.Release|Any CPU.ActiveCfg = Release|Any CPU
		{A6B4F393-874A-40E4-9983-A28F1D3E85B6}.Release|Any CPU.Build.0 = Release|Any CPU
	EndGlobalSection
EndGlobal
